# This file is automatically @generated by Cargo.
# It is not intended for manual editing.
version = 3

[[package]]
name = "cc"
version = "1.0.81"
source = "registry+https://github.com/rust-lang/crates.io-index"
checksum = "6c6b2562119bf28c3439f7f02db99faf0aa1a8cdfe5772a2ee155d32227239f0"
dependencies = [
 "libc",
]

[[package]]
name = "hound"
version = "3.5.0"
source = "registry+https://github.com/rust-lang/crates.io-index"
checksum = "4d13cdbd5dbb29f9c88095bbdc2590c9cba0d0a1269b983fef6b2cdd7e9f4db1"

[[package]]
name = "libc"
version = "0.2.147"
source = "registry+https://github.com/rust-lang/crates.io-index"
checksum = "b4668fb0ea861c1df094127ac5f1da3409a82116a4ba74fca2e58ef927159bb3"

[[package]]
name = "openmp-sys"
version = "1.2.3"
source = "registry+https://github.com/rust-lang/crates.io-index"
checksum = "a3a0ed77d2794d2b9a59123e60e874190626c22b7124ce38959fe59386e317fa"
dependencies = [
 "cc",
]

[[package]]
name = "wavify-asr"
version = "0.1.0"
dependencies = [
 "hound",
 "libc",
 "openmp-sys",
]
